
Microsoft Visual Studio Solution File, Format Version 12.00
# Visual Studio Version 16
VisualStudioVersion = 16.0.31321.278
MinimumVisualStudioVersion = 10.0.40219.1
Project("{9A19103F-16F7-4668-BE54-9A1E7A4F7556}") = "View", "View\View.csproj", "{5C8C71E2-085F-46E3-8E19-DE63C39D97DB}"
EndProject
Project("{6EC3EE1D-3C4E-46DD-8F32-0CC8E7565705}") = "Controller", "Controller\Controller.fsproj", "{90840F52-171F-456A-857D-AE80F00E630F}"
EndProject
Global
	GlobalSection(SolutionConfigurationPlatforms) = preSolution
		Debug|Any CPU = Debug|Any CPU
		Release|Any CPU = Release|Any CPU
	EndGlobalSection
	GlobalSection(ProjectConfigurationPlatforms) = postSolution
		{5C8C71E2-085F-46E3-8E19-DE63C39D97DB}.Debug|Any CPU.ActiveCfg = Debug|Any CPU
		{5C8C71E2-085F-46E3-8E19-DE63C39D97DB}.Debug|Any CPU.Build.0 = Debug|Any CPU
		{5C8C71E2-085F-46E3-8E19-DE63C39D97DB}.Release|Any CPU.ActiveCfg = Release|Any CPU
		{5C8C71E2-085F-46E3-8E19-DE63C39D97DB}.Release|Any CPU.Build.0 = Release|Any CPU
		{90840F52-171F-456A-857D-AE80F00E630F}.Debug|Any CPU.ActiveCfg = Debug|Any CPU
		{90840F52-171F-456A-857D-AE80F00E630F}.Debug|Any CPU.Build.0 = Debug|Any CPU
		{90840F52-171F-456A-857D-AE80F00E630F}.Release|Any CPU.ActiveCfg = Release|Any CPU
		{90840F52-171F-456A-857D-AE80F00E630F}.Release|Any CPU.Build.0 = Release|Any CPU
	EndGlobalSection
	GlobalSection(SolutionProperties) = preSolution
		HideSolutionNode = FALSE
	EndGlobalSection
	GlobalSection(ExtensibilityGlobals) = postSolution
		SolutionGuid = {84C330FF-B801-4BA3-821C-DE9FD559B504}
	EndGlobalSection
EndGlobal
